<?xml version="1.0" encoding="utf-8"?>
<Project ToolsVersion="4.0" xmlns="http://schemas.microsoft.com/developer/msbuild/2003">
  <ItemGroup>
    <Filter Include="Source Files">
      <UniqueIdentifier>{4FC737F1-C7A5-4376-A066-2A32D752A2FF}</UniqueIdentifier>
      <Extensions>cpp;c;cc;cxx;c++;cppm;ixx;def;odl;idl;hpj;bat;asm;asmx</Extensions>
    </Filter>
    <Filter Include="Header Files">
      <UniqueIdentifier>{93995380-89BD-4b04-88EB-625FBE52EBFB}</UniqueIdentifier>
      <Extensions>h;hh;hpp;hxx;h++;hm;inl;inc;ipp;xsd</Extensions>
    </Filter>
    <Filter Include="Resource Files">
      <UniqueIdentifier>{67DA6AB6-F800-4c08-8B7A-83BB121AAD01}</UniqueIdentifier>
      <Extensions>rc;ico;cur;bmp;dlg;rc2;rct;bin;rgs;gif;jpg;jpeg;jpe;resx;tiff;tif;png;wav;mfcribbon-ms</Extensions>
    </Filter>
    <Filter Include="Header Files\Chapter 7 header files">
      <UniqueIdentifier>{ee90d822-64cf-480a-8dc0-8bccbb3f88e1}</UniqueIdentifier>
    </Filter>
    <Filter Include="Shader Files">
      <UniqueIdentifier>{af75d02a-1010-4597-a01a-5b20ed151cee}</UniqueIdentifier>
    </Filter>
    <Filter Include="Header Files\DirectX library headers">
      <UniqueIdentifier>{0fe37025-93ef-4c0c-bb25-4ff6381653d2}</UniqueIdentifier>
    </Filter>
    <Filter Include="Source Files\DirectX library source files">
      <UniqueIdentifier>{e24e2e9c-0694-4552-a3c6-44e865d6ad71}</UniqueIdentifier>
    </Filter>
    <Filter Include="Source Files\Chapter 7 source files">
      <UniqueIdentifier>{84506e54-8198-46d0-ac1e-e0ea5e2c7be1}</UniqueIdentifier>
    </Filter>
    <Filter Include="Source Files\Chapter 8 source files">
      <UniqueIdentifier>{1fcab6c2-1af1-47be-8d6b-627bee26ffee}</UniqueIdentifier>
    </Filter>
    <Filter Include="Source Files\Chapter 9 source files">
      <UniqueIdentifier>{eec77c03-89d0-42da-be12-c020f37a4e5c}</UniqueIdentifier>
    </Filter>
    <Filter Include="Source Files\Chapter 10 source files">
      <UniqueIdentifier>{9be94cd1-bdc6-4cb3-a554-21ae205ef2c3}</UniqueIdentifier>
    </Filter>
    <Filter Include="Source Files\Chapter 11 source files">
      <UniqueIdentifier>{777008d5-c25c-4272-9eb2-7ce0bbd9b629}</UniqueIdentifier>
    </Filter>
    <Filter Include="Source Files\Chapter 12 source files">
      <UniqueIdentifier>{7ae10aa7-bb85-4ff9-bbaa-c52907ba2080}</UniqueIdentifier>
    </Filter>
    <Filter Include="Source Files\Chapter 13 source files">
      <UniqueIdentifier>{4059923a-f4cb-4445-8c62-20cb3ac8fd55}</UniqueIdentifier>
    </Filter>
    <Filter Include="Header Files\Chapter 13 header files">
      <UniqueIdentifier>{e12b8925-c973-4181-9171-cb197ae4f801}</UniqueIdentifier>
    </Filter>
    <Filter Include="Source Files\Chapter 14 source files">
      <UniqueIdentifier>{77c50727-6866-428a-a12b-d8806becb409}</UniqueIdentifier>
    </Filter>
    <Filter Include="Source Files\Chapter 15 source files">
      <UniqueIdentifier>{f506bb36-55a1-45a4-ba97-ed00e1d30138}</UniqueIdentifier>
    </Filter>
    <Filter Include="Source Files\Chapter 16 source files">
      <UniqueIdentifier>{f53c6313-0cd2-4965-869b-302a1de4fe0f}</UniqueIdentifier>
    </Filter>
    <Filter Include="Source Files\Chapter 17 source files">
      <UniqueIdentifier>{a302d295-729b-41f5-a093-c3e6f8f52f36}</UniqueIdentifier>
    </Filter>
    <Filter Include="Source Files\Chapter 18 source files">
      <UniqueIdentifier>{a2254ddd-df9e-4a67-9677-41c26171314a}</UniqueIdentifier>
    </Filter>
    <Filter Include="Header Files\Chapter 18 header files">
      <UniqueIdentifier>{652ea5d8-a78d-4319-a225-6217feb8d5a3}</UniqueIdentifier>
    </Filter>
    <Filter Include="Source Files\Chapter 19 source files">
      <UniqueIdentifier>{5a9122e5-6298-48cf-b0cc-68a4259a7aea}</UniqueIdentifier>
    </Filter>
    <Filter Include="Source Files\Chapter 20 source files">
      <UniqueIdentifier>{da7f4b79-a79a-49e9-b47c-3b9826e7a7d1}</UniqueIdentifier>
    </Filter>
    <Filter Include="Source Files\Chapter 21 source files">
      <UniqueIdentifier>{b4efbf43-39e7-48f3-a053-52459880ea68}</UniqueIdentifier>
    </Filter>
    <Filter Include="Source Files\Chapter 22 source files">
      <UniqueIdentifier>{269fd002-c37e-4d85-a543-2f4e58d18e00}</UniqueIdentifier>
    </Filter>
    <Filter Include="Source Files\Chapter 23 source files">
      <UniqueIdentifier>{a61955b3-3fbb-4672-92da-85eaf96508b5}</UniqueIdentifier>
    </Filter>
  </ItemGroup>
  <ItemGroup>
    <ClCompile Include="BoxApp.cpp">
      <Filter>Source Files</Filter>
    </ClCompile>
    <ClCompile Include="Chapter1.cpp">
      <Filter>Source Files</Filter>
    </ClCompile>
    <ClCompile Include="Chapter2.cpp">
      <Filter>Source Files</Filter>
    </ClCompile>
    <ClCompile Include="Chapter4.cpp">
      <Filter>Source Files</Filter>
    </ClCompile>
    <ClCompile Include="Chapter6.cpp">
      <Filter>Source Files</Filter>
    </ClCompile>
    <ClCompile Include="FrameResource.cpp">
      <Filter>Source Files\Chapter 7 source files</Filter>
    </ClCompile>
    <ClCompile Include="Waves.cpp">
      <Filter>Source Files\Chapter 7 source files</Filter>
    </ClCompile>
    <ClCompile Include="LandAndWaves-Chapter7.cpp">
      <Filter>Source Files\Chapter 7 source files</Filter>
    </ClCompile>
    <ClCompile Include="Shapes-Chapter7.cpp">
      <Filter>Source Files\Chapter 7 source files</Filter>
    </ClCompile>
    <ClCompile Include="Common\d3dApp.cpp">
      <Filter>Source Files\DirectX library source files</Filter>
    </ClCompile>
    <ClCompile Include="Common\GameTimer.cpp">
      <Filter>Source Files\DirectX library source files</Filter>
    </ClCompile>
    <ClCompile Include="Common\DDSTextureLoader.cpp">
      <Filter>Source Files\DirectX library source files</Filter>
    </ClCompile>
    <ClCompile Include="Common\d3dUtil.cpp">
      <Filter>Source Files\DirectX library source files</Filter>
    </ClCompile>
    <ClCompile Include="Common\GeometryGenerator.cpp">
      <Filter>Source Files\DirectX library source files</Filter>
    </ClCompile>
    <ClCompile Include="Common\MathHelper.cpp">
      <Filter>Source Files\DirectX library source files</Filter>
    </ClCompile>
    <ClCompile Include="Common\Camera.cpp">
      <Filter>Source Files\DirectX library source files</Filter>
    </ClCompile>
    <ClCompile Include="LitWaves-Chapter8.cpp">
      <Filter>Source Files\Chapter 8 source files</Filter>
    </ClCompile>
    <ClCompile Include="Crate-Chapter9.cpp">
      <Filter>Source Files\Chapter 9 source files</Filter>
    </ClCompile>
    <ClCompile Include="TexColumns-Chapter9.cpp">
      <Filter>Source Files\Chapter 9 source files</Filter>
    </ClCompile>
    <ClCompile Include="TexWaves-Chapter9.cpp">
      <Filter>Source Files\Chapter 9 source files</Filter>
    </ClCompile>
    <ClCompile Include="Blending-Chapter10.cpp">
      <Filter>Source Files\Chapter 10 source files</Filter>
    </ClCompile>
    <ClCompile Include="Stencil-Chapter11.cpp">
      <Filter>Source Files\Chapter 11 source files</Filter>
    </ClCompile>
    <ClCompile Include="TreeBillboards-Chapter12.cpp">
      <Filter>Source Files\Chapter 12 source files</Filter>
    </ClCompile>
    <ClCompile Include="BlurApp-Chapter13.cpp">
      <Filter>Source Files\Chapter 13 source files</Filter>
    </ClCompile>
    <ClCompile Include="BlurFilter.cpp">
      <Filter>Source Files\Chapter 13 source files</Filter>
    </ClCompile>
    <ClCompile Include="SobelFilter.cpp">
      <Filter>Source Files\Chapter 13 source files</Filter>
    </ClCompile>
    <ClCompile Include="RenderTarget.cpp">
      <Filter>Source Files\Chapter 13 source files</Filter>
    </ClCompile>
    <ClCompile Include="GpuWaves.cpp">
      <Filter>Source Files\Chapter 13 source files</Filter>
    </ClCompile>
    <ClCompile Include="SobelApp-Chapter13.cpp">
      <Filter>Source Files\Chapter 13 source files</Filter>
    </ClCompile>
    <ClCompile Include="VecAdd-Chapter13.cpp">
      <Filter>Source Files\Chapter 13 source files</Filter>
    </ClCompile>
    <ClCompile Include="WavesCS-Chapter13.cpp">
      <Filter>Source Files\Chapter 13 source files</Filter>
    </ClCompile>
    <ClCompile Include="BasicTessellation-Chapter14.cpp">
      <Filter>Source Files\Chapter 14 source files</Filter>
    </ClCompile>
    <ClCompile Include="BezierPatch-Chapter14.cpp">
      <Filter>Source Files\Chapter 14 source files</Filter>
    </ClCompile>
    <ClCompile Include="CameraAndDynamicIndexing-Chapter15.cpp">
      <Filter>Source Files\Chapter 15 source files</Filter>
    </ClCompile>
    <ClCompile Include="InstancingAndCulling-Chapter16.cpp">
      <Filter>Source Files\Chapter 16 source files</Filter>
    </ClCompile>
    <ClCompile Include="PickingApp-Chapter17.cpp">
      <Filter>Source Files\Chapter 17 source files</Filter>
    </ClCompile>
    <ClCompile Include="CubeMap-Chapter18.cpp">
      <Filter>Source Files\Chapter 18 source files</Filter>
    </ClCompile>
    <ClCompile Include="DynamicCube-Chapter18.cpp">
      <Filter>Source Files\Chapter 18 source files</Filter>
    </ClCompile>
    <ClCompile Include="CubeRenderTarget.cpp">
      <Filter>Source Files\Chapter 18 source files</Filter>
    </ClCompile>
    <ClCompile Include="NormalMap-Chapter19.cpp">
      <Filter>Source Files\Chapter 19 source files</Filter>
    </ClCompile>
  </ItemGroup>
  <ItemGroup>
    <Text Include="Notes\Notes Introduction to DirectX12.txt">
      <Filter>Resource Files</Filter>
    </Text>
    <Text Include="Notes\Notes Chapter 1 Vector Algebra.txt">
      <Filter>Resource Files</Filter>
    </Text>
    <Text Include="Notes\Notes Chapter 2 Matrix Algebra.txt">
      <Filter>Resource Files</Filter>
    </Text>
    <Text Include="Notes\Notes Chapter 3 Transformations.txt">
      <Filter>Resource Files</Filter>
    </Text>
    <Text Include="Notes\Notes Chapter 4 DirectX Initialization.txt">
      <Filter>Resource Files</Filter>
    </Text>
    <Text Include="Notes\Notes Chapter 5 The Rendering Pipeline.txt">
      <Filter>Resource Files</Filter>
    </Text>
    <Text Include="Notes\Notes Chapter 6 Drawing in Direct3D.txt">
      <Filter>Resource Files</Filter>
    </Text>
    <Text Include="Notes\Notes Chapter 7 Drawing in Direct3D Part II.txt">
      <Filter>Resource Files</Filter>
    </Text>
    <Text Include="Notes\Notes Chapter 8 Lighting.txt">
      <Filter>Resource Files</Filter>
    </Text>
    <Text Include="Notes\Notes Chapter 9 Texturing.txt">
      <Filter>Resource Files</Filter>
    </Text>
    <Text Include="Notes\Notes Chapter 10 Blending.txt">
      <Filter>Resource Files</Filter>
    </Text>
    <Text Include="Notes\Notes Chapter 11 Stenciling.txt">
      <Filter>Resource Files</Filter>
    </Text>
    <Text Include="Notes\Notes Chapter 12 The Geometry Shader.txt">
      <Filter>Resource Files</Filter>
    </Text>
    <Text Include="Notes\Notes Chapter 13 The Compute Shader.txt">
      <Filter>Resource Files</Filter>
    </Text>
    <Text Include="Notes\Notes Chapter 14 The Tessellation Stages.txt">
      <Filter>Resource Files</Filter>
    </Text>
    <Text Include="Notes\Notes Chapter 15 Building a First Person Camera and Dynamic Indexing.txt">
      <Filter>Resource Files</Filter>
    </Text>
    <Text Include="Notes\Notes Chapter 16 Instancing and Frustum Culling.txt">
      <Filter>Resource Files</Filter>
    </Text>
    <Text Include="Notes\Notes Chapter 17 Picking.txt">
      <Filter>Resource Files</Filter>
    </Text>
    <Text Include="Notes\Notes Chapter 18 Cube Mapping.txt">
      <Filter>Resource Files</Filter>
    </Text>
    <Text Include="Notes Chapter 19 Normal Mapping.txt">
      <Filter>Resource Files</Filter>
    </Text>
  </ItemGroup>
  <ItemGroup>
    <ClInclude Include="FrameResource.h">
      <Filter>Header Files\Chapter 7 header files</Filter>
    </ClInclude>
    <ClInclude Include="Waves.h">
      <Filter>Header Files\Chapter 7 header files</Filter>
    </ClInclude>
    <ClInclude Include="Common\Camera.h">
      <Filter>Header Files\DirectX library headers</Filter>
    </ClInclude>
    <ClInclude Include="Common\d3dApp.h">
      <Filter>Header Files\DirectX library headers</Filter>
    </ClInclude>
    <ClInclude Include="Common\d3dUtil.h">
      <Filter>Header Files\DirectX library headers</Filter>
    </ClInclude>
    <ClInclude Include="Common\d3dx12.h">
      <Filter>Header Files\DirectX library headers</Filter>
    </ClInclude>
    <ClInclude Include="Common\DDSTextureLoader.h">
      <Filter>Header Files\DirectX library headers</Filter>
    </ClInclude>
    <ClInclude Include="Common\GameTimer.h">
      <Filter>Header Files\DirectX library headers</Filter>
    </ClInclude>
    <ClInclude Include="Common\GeometryGenerator.h">
      <Filter>Header Files\DirectX library headers</Filter>
    </ClInclude>
    <ClInclude Include="Common\MathHelper.h">
      <Filter>Header Files\DirectX library headers</Filter>
    </ClInclude>
    <ClInclude Include="Common\UploadBuffer.h">
      <Filter>Header Files\DirectX library headers</Filter>
    </ClInclude>
    <ClInclude Include="BlurFilter.h">
      <Filter>Header Files\Chapter 13 header files</Filter>
    </ClInclude>
    <ClInclude Include="SobelFilter.h">
      <Filter>Header Files\Chapter 13 header files</Filter>
    </ClInclude>
    <ClInclude Include="RenderTarget.h">
      <Filter>Header Files\Chapter 13 header files</Filter>
    </ClInclude>
    <ClInclude Include="GpuWaves.h">
      <Filter>Header Files\Chapter 13 header files</Filter>
    </ClInclude>
    <ClInclude Include="CubeRenderTarget.h">
      <Filter>Header Files</Filter>
    </ClInclude>
  </ItemGroup>
  <ItemGroup>
    <FxCompile Include="Shaders\LandAndWavesColor.hlsl">
      <Filter>Shader Files</Filter>
    </FxCompile>
    <FxCompile Include="Shaders\boxColor.hlsl">
      <Filter>Shader Files</Filter>
    </FxCompile>
    <FxCompile Include="Shaders\shapeColor.hlsl">
      <Filter>Shader Files</Filter>
    </FxCompile>
    <FxCompile Include="Shaders\Default.hlsl">
      <Filter>Shader Files</Filter>
    </FxCompile>
    <FxCompile Include="Shaders\LightingUtils.hlsl">
      <Filter>Shader Files</Filter>
    </FxCompile>
    <FxCompile Include="Shaders\TreeSprite.hlsl">
      <Filter>Shader Files</Filter>
    </FxCompile>
    <FxCompile Include="Shaders\Blur.hlsl">
      <Filter>Shader Files</Filter>
    </FxCompile>
    <FxCompile Include="Shaders\Composite.hlsl">
      <Filter>Shader Files</Filter>
    </FxCompile>
    <FxCompile Include="Shaders\Sobel.hlsl">
      <Filter>Shader Files</Filter>
    </FxCompile>
    <FxCompile Include="Shaders\WaveSim.hlsl">
      <Filter>Shader Files</Filter>
    </FxCompile>
    <FxCompile Include="Shaders\VecAdd.hlsl">
      <Filter>Shader Files</Filter>
    </FxCompile>
    <FxCompile Include="Shaders\BezierTessellation.hlsl">
      <Filter>Shader Files</Filter>
    </FxCompile>
    <FxCompile Include="Shaders\Tessellation.hlsl">
      <Filter>Shader Files</Filter>
    </FxCompile>
    <FxCompile Include="Shaders\Sky.hlsl">
      <Filter>Shader Files</Filter>
    </FxCompile>
    <FxCompile Include="Shaders\Common.hlsl">
      <Filter>Shader Files</Filter>
    </FxCompile>
  </ItemGroup>
</Project>